
Microsoft Visual Studio Solution File, Format Version 12.00
# Visual Studio 15
VisualStudioVersion = 15.0.28307.960
MinimumVisualStudioVersion = 10.0.40219.1
Project("{FAE04EC0-301F-11D3-BF4B-00C04F79EFBC}") = "TrayCorp", "TrayCorp\TrayCorp.csproj", "{BFB35E9C-746C-4F43-9C20-9A51F0649812}"
EndProject
Global
	GlobalSection(SolutionConfigurationPlatforms) = preSolution
		Debug|Any CPU = Debug|Any CPU
		Release|Any CPU = Release|Any CPU
	EndGlobalSection
	GlobalSection(ProjectConfigurationPlatforms) = postSolution
		{BFB35E9C-746C-4F43-9C20-9A51F0649812}.Debug|Any CPU.ActiveCfg = Debug|Any CPU
		{BFB35E9C-746C-4F43-9C20-9A51F0649812}.Debug|Any CPU.Build.0 = Debug|Any CPU
		{BFB35E9C-746C-4F43-9C20-9A51F0649812}.Release|Any CPU.ActiveCfg = Release|Any CPU
		{BFB35E9C-746C-4F43-9C20-9A51F0649812}.Release|Any CPU.Build.0 = Release|Any CPU
	EndGlobalSection
	GlobalSection(SolutionProperties) = preSolution
		HideSolutionNode = FALSE
	EndGlobalSection
	GlobalSection(ExtensibilityGlobals) = postSolution
		SolutionGuid = {70085315-38DD-486B-AC22-E30A7A3B03D6}
	EndGlobalSection
EndGlobal
